
Microsoft Visual Studio Solution File, Format Version 12.00
# Visual Studio Version 18
VisualStudioVersion = 18.4.11626.88 stable
MinimumVisualStudioVersion = 10.0.40219.1
Project("{FAE04EC0-301F-11D3-BF4B-00C04F79EFBC}") = "MealAssistant", "MealAssistant\MealAssistant.csproj", "{115408E8-8656-4C51-9258-C78EBECF44A1}"
EndProject
Project("{FAE04EC0-301F-11D3-BF4B-00C04F79EFBC}") = "MealAssistant.Tests", "MealAssistant.Tests\MealAssistant.Tests.csproj", "{EA917DAD-AF47-4116-A8DC-D8F28827EF1D}"
EndProject
Global
	GlobalSection(SolutionConfigurationPlatforms) = preSolution
		Debug|Any CPU = Debug|Any CPU
		Debug|x64 = Debug|x64
		Debug|x86 = Debug|x86
		Release|Any CPU = Release|Any CPU
		Release|x64 = Release|x64
		Release|x86 = Release|x86
	EndGlobalSection
	GlobalSection(ProjectConfigurationPlatforms) = postSolution
		{115408E8-8656-4C51-9258-C78EBECF44A1}.Debug|Any CPU.ActiveCfg = Debug|Any CPU
		{115408E8-8656-4C51-9258-C78EBECF44A1}.Debug|Any CPU.Build.0 = Debug|Any CPU
		{115408E8-8656-4C51-9258-C78EBECF44A1}.Debug|x64.ActiveCfg = Debug|Any CPU
		{115408E8-8656-4C51-9258-C78EBECF44A1}.Debug|x64.Build.0 = Debug|Any CPU
		{115408E8-8656-4C51-9258-C78EBECF44A1}.Debug|x86.ActiveCfg = Debug|Any CPU
		{115408E8-8656-4C51-9258-C78EBECF44A1}.Debug|x86.Build.0 = Debug|Any CPU
		{115408E8-8656-4C51-9258-C78EBECF44A1}.Release|Any CPU.ActiveCfg = Release|Any CPU
		{115408E8-8656-4C51-9258-C78EBECF44A1}.Release|Any CPU.Build.0 = Release|Any CPU
		{115408E8-8656-4C51-9258-C78EBECF44A1}.Release|x64.ActiveCfg = Release|Any CPU
		{115408E8-8656-4C51-9258-C78EBECF44A1}.Release|x64.Build.0 = Release|Any CPU
		{115408E8-8656-4C51-9258-C78EBECF44A1}.Release|x86.ActiveCfg = Release|Any CPU
		{115408E8-8656-4C51-9258-C78EBECF44A1}.Release|x86.Build.0 = Release|Any CPU
		{EA917DAD-AF47-4116-A8DC-D8F28827EF1D}.Debug|Any CPU.ActiveCfg = Debug|Any CPU
		{EA917DAD-AF47-4116-A8DC-D8F28827EF1D}.Debug|Any CPU.Build.0 = Debug|Any CPU
		{EA917DAD-AF47-4116-A8DC-D8F28827EF1D}.Debug|x64.ActiveCfg = Debug|Any CPU
		{EA917DAD-AF47-4116-A8DC-D8F28827EF1D}.Debug|x64.Build.0 = Debug|Any CPU
		{EA917DAD-AF47-4116-A8DC-D8F28827EF1D}.Debug|x86.ActiveCfg = Debug|Any CPU
		{EA917DAD-AF47-4116-A8DC-D8F28827EF1D}.Debug|x86.Build.0 = Debug|Any CPU
		{EA917DAD-AF47-4116-A8DC-D8F28827EF1D}.Release|Any CPU.ActiveCfg = Release|Any CPU
		{EA917DAD-AF47-4116-A8DC-D8F28827EF1D}.Release|Any CPU.Build.0 = Release|Any CPU
		{EA917DAD-AF47-4116-A8DC-D8F28827EF1D}.Release|x64.ActiveCfg = Release|Any CPU
		{EA917DAD-AF47-4116-A8DC-D8F28827EF1D}.Release|x64.Build.0 = Release|Any CPU
		{EA917DAD-AF47-4116-A8DC-D8F28827EF1D}.Release|x86.ActiveCfg = Release|Any CPU
		{EA917DAD-AF47-4116-A8DC-D8F28827EF1D}.Release|x86.Build.0 = Release|Any CPU
	EndGlobalSection
	GlobalSection(SolutionProperties) = preSolution
		HideSolutionNode = FALSE
	EndGlobalSection
	GlobalSection(ExtensibilityGlobals) = postSolution
		SolutionGuid = {2E002B26-AC3F-49F0-A843-63937FCA51A8}
	EndGlobalSection
EndGlobal
